
Microsoft Visual Studio Solution File, Format Version 12.00
# Visual Studio Version 17
VisualStudioVersion = 17.14.36705.20 d17.14
MinimumVisualStudioVersion = 10.0.40219.1
Project("{FAE04EC0-301F-11D3-BF4B-00C04F79EFBC}") = "greenlife-organic-system", "greenlife-organic-system\greenlife-organic-system.csproj", "{1947DD3D-2B2C-460A-B4FC-E99113EDEB5E}"
EndProject
Global
	GlobalSection(SolutionConfigurationPlatforms) = preSolution
		Debug|Any CPU = Debug|Any CPU
		Release|Any CPU = Release|Any CPU
	EndGlobalSection
	GlobalSection(ProjectConfigurationPlatforms) = postSolution
		{1947DD3D-2B2C-460A-B4FC-E99113EDEB5E}.Debug|Any CPU.ActiveCfg = Debug|Any CPU
		{1947DD3D-2B2C-460A-B4FC-E99113EDEB5E}.Debug|Any CPU.Build.0 = Debug|Any CPU
		{1947DD3D-2B2C-460A-B4FC-E99113EDEB5E}.Release|Any CPU.ActiveCfg = Release|Any CPU
		{1947DD3D-2B2C-460A-B4FC-E99113EDEB5E}.Release|Any CPU.Build.0 = Release|Any CPU
	EndGlobalSection
	GlobalSection(SolutionProperties) = preSolution
		HideSolutionNode = FALSE
	EndGlobalSection
	GlobalSection(ExtensibilityGlobals) = postSolution
		SolutionGuid = {E4EE9580-0439-4D1A-A603-A574E4BF8DA5}
	EndGlobalSection
EndGlobal
